
Microsoft Visual Studio Solution File, Format Version 12.00
# Visual Studio Version 17
VisualStudioVersion = 17.3.32901.215
MinimumVisualStudioVersion = 10.0.40219.1
Project("{FAE04EC0-301F-11D3-BF4B-00C04F79EFBC}") = "FileManager", "FileManager\FileManager.csproj", "{2DE02741-5220-46B7-B997-21C3FF712FEB}"
EndProject
Global
	GlobalSection(SolutionConfigurationPlatforms) = preSolution
		Debug|Any CPU = Debug|Any CPU
		Release|Any CPU = Release|Any CPU
	EndGlobalSection
	GlobalSection(ProjectConfigurationPlatforms) = postSolution
		{2DE02741-5220-46B7-B997-21C3FF712FEB}.Debug|Any CPU.ActiveCfg = Debug|Any CPU
		{2DE02741-5220-46B7-B997-21C3FF712FEB}.Debug|Any CPU.Build.0 = Debug|Any CPU
		{2DE02741-5220-46B7-B997-21C3FF712FEB}.Release|Any CPU.ActiveCfg = Release|Any CPU
		{2DE02741-5220-46B7-B997-21C3FF712FEB}.Release|Any CPU.Build.0 = Release|Any CPU
	EndGlobalSection
	GlobalSection(SolutionProperties) = preSolution
		HideSolutionNode = FALSE
	EndGlobalSection
	GlobalSection(ExtensibilityGlobals) = postSolution
		SolutionGuid = {BDE8A450-4A87-45B2-86D3-D84CCD7DA053}
	EndGlobalSection
EndGlobal
